{
  "name": "extrachill-theme",
  "version": "2.0.12",
  "lockfileVersion": 3,
  "requires": true,
  "packages": {
    "": {
      "name": "extrachill-theme",
      "version": "2.0.12",
      "dependencies": {
        "@extrachill/tokens": "github:Extra-Chill/extrachill-tokens#v0.8.1"
      }
    },
    "node_modules/@extrachill/tokens": {
      "version": "0.8.1",
      "resolved": "git+ssh://git@github.com/Extra-Chill/extrachill-tokens.git#be04920249e0c48780de8922f6b2849dd0c25ffa",
      "license": "GPL-2.0+"
    }
  }
}
