{
  "name": "extrachill-theme",
  "version": "2.12.0",
  "lockfileVersion": 3,
  "requires": true,
  "packages": {
    "": {
      "name": "extrachill-theme",
      "version": "2.12.0",
      "dependencies": {
        "@extrachill/tokens": "github:Extra-Chill/extrachill-tokens#v0.8.2"
      }
    },
    "node_modules/@extrachill/tokens": {
      "version": "0.8.2",
      "resolved": "git+ssh://git@github.com/Extra-Chill/extrachill-tokens.git#2b66862ad60dc6ce42892540d05c13c40a3e48e2",
      "license": "GPL-2.0+"
    }
  }
}
